
Microsoft Visual Studio Solution File, Format Version 12.00
# Visual Studio 15
VisualStudioVersion = 15.0.27130.2036
MinimumVisualStudioVersion = 10.0.40219.1
Project("{2150E333-8FDC-42A3-9474-1A3956D46DE8}") = "Solution Items", "Solution Items", "{B4F78007-AF08-4366-9105-250494B32091}"
	ProjectSection(SolutionItems) = preProject
		build\CodeAnalysis.ruleset = build\CodeAnalysis.ruleset
		build\CodeAnalysis.Test.ruleset = build\CodeAnalysis.Test.ruleset
		build\Global.props = build\Global.props
		build\Global.targets = build\Global.targets
		build\StyleCopAnalyzers.ruleset = build\StyleCopAnalyzers.ruleset
	EndProjectSection
EndProject
Project("{9A19103F-16F7-4668-BE54-9A1E7A4F7556}") = "WTG.Analyzers", "WTG.Analyzers\WTG.Analyzers.csproj", "{3F266F98-2F7B-4067-B267-50275AD261AA}"
EndProject
Project("{9A19103F-16F7-4668-BE54-9A1E7A4F7556}") = "WTG.Analyzers.Test", "WTG.Analyzers.Test\WTG.Analyzers.Test.csproj", "{38871ADE-9AA7-4894-9A8B-580596C17F83}"
EndProject
Project("{9A19103F-16F7-4668-BE54-9A1E7A4F7556}") = "WTG.Analyzers.TestFramework", "WTG.Analyzers.TestFramework\WTG.Analyzers.TestFramework.csproj", "{93AE1162-CB3B-49F8-BF69-40F9799E8924}"
EndProject
Project("{9A19103F-16F7-4668-BE54-9A1E7A4F7556}") = "WTG.Analyzers.Utils", "WTG.Analyzers.Utils\WTG.Analyzers.Utils.csproj", "{E0567771-3F8B-4185-B31A-324F95C58EB1}"
EndProject
Project("{9A19103F-16F7-4668-BE54-9A1E7A4F7556}") = "WTG.Analyzers.Utils.Test", "WTG.Analyzers.Utils.Test\WTG.Analyzers.Utils.Test.csproj", "{5E3F903C-A085-4D4A-930E-E82BCB6782C9}"
EndProject
Project("{9A19103F-16F7-4668-BE54-9A1E7A4F7556}") = "WTG.Analyzers.TestFramework.Test", "WTG.Analyzers.TestFramework.Test\WTG.Analyzers.TestFramework.Test.csproj", "{A408675F-8575-41E9-82C5-1DE69E80B7A0}"
EndProject
Global
	GlobalSection(SolutionConfigurationPlatforms) = preSolution
		Debug|Any CPU = Debug|Any CPU
		Release|Any CPU = Release|Any CPU
	EndGlobalSection
	GlobalSection(ProjectConfigurationPlatforms) = postSolution
		{3F266F98-2F7B-4067-B267-50275AD261AA}.Debug|Any CPU.ActiveCfg = Debug|Any CPU
		{3F266F98-2F7B-4067-B267-50275AD261AA}.Debug|Any CPU.Build.0 = Debug|Any CPU
		{3F266F98-2F7B-4067-B267-50275AD261AA}.Release|Any CPU.ActiveCfg = Release|Any CPU
		{3F266F98-2F7B-4067-B267-50275AD261AA}.Release|Any CPU.Build.0 = Release|Any CPU
		{38871ADE-9AA7-4894-9A8B-580596C17F83}.Debug|Any CPU.ActiveCfg = Debug|Any CPU
		{38871ADE-9AA7-4894-9A8B-580596C17F83}.Debug|Any CPU.Build.0 = Debug|Any CPU
		{38871ADE-9AA7-4894-9A8B-580596C17F83}.Release|Any CPU.ActiveCfg = Release|Any CPU
		{93AE1162-CB3B-49F8-BF69-40F9799E8924}.Debug|Any CPU.ActiveCfg = Debug|Any CPU
		{93AE1162-CB3B-49F8-BF69-40F9799E8924}.Debug|Any CPU.Build.0 = Debug|Any CPU
		{93AE1162-CB3B-49F8-BF69-40F9799E8924}.Release|Any CPU.ActiveCfg = Release|Any CPU
		{93AE1162-CB3B-49F8-BF69-40F9799E8924}.Release|Any CPU.Build.0 = Release|Any CPU
		{E0567771-3F8B-4185-B31A-324F95C58EB1}.Debug|Any CPU.ActiveCfg = Debug|Any CPU
		{E0567771-3F8B-4185-B31A-324F95C58EB1}.Debug|Any CPU.Build.0 = Debug|Any CPU
		{E0567771-3F8B-4185-B31A-324F95C58EB1}.Release|Any CPU.ActiveCfg = Release|Any CPU
		{E0567771-3F8B-4185-B31A-324F95C58EB1}.Release|Any CPU.Build.0 = Release|Any CPU
		{5E3F903C-A085-4D4A-930E-E82BCB6782C9}.Debug|Any CPU.ActiveCfg = Debug|Any CPU
		{5E3F903C-A085-4D4A-930E-E82BCB6782C9}.Debug|Any CPU.Build.0 = Debug|Any CPU
		{5E3F903C-A085-4D4A-930E-E82BCB6782C9}.Release|Any CPU.ActiveCfg = Release|Any CPU
		{A408675F-8575-41E9-82C5-1DE69E80B7A0}.Debug|Any CPU.ActiveCfg = Debug|Any CPU
		{A408675F-8575-41E9-82C5-1DE69E80B7A0}.Debug|Any CPU.Build.0 = Debug|Any CPU
		{A408675F-8575-41E9-82C5-1DE69E80B7A0}.Release|Any CPU.ActiveCfg = Release|Any CPU
	EndGlobalSection
	GlobalSection(SolutionProperties) = preSolution
		HideSolutionNode = FALSE
	EndGlobalSection
	GlobalSection(ExtensibilityGlobals) = postSolution
		SolutionGuid = {BB95656D-6253-41DF-9841-3C903E5E8E75}
	EndGlobalSection
EndGlobal
